<Solution>
  <Folder Name="/node/">
    <Project Path="node/cuprinet-nodestar/cuprinet-nodestar.csproj" />
  </Folder>
  <Folder Name="/tests/">
    <Project Path="tests/CupriNet.Nodestar.Tests/CupriNet.Nodestar.Tests.csproj" />
  </Folder>
  <Folder Name="/src/">
    <Project Path="src/CupriNet.Nodestar/CupriNet.Nodestar.csproj" />
    <Project Path="src/CupriNet.Nodestar.WebRtc/CupriNet.Nodestar.WebRtc.csproj" />
    <Project Path="src/CupriNet.Nodestar.Client.CupriFace/CupriNet.Nodestar.Client.CupriFace.csproj" />
  </Folder>
</Solution>
